// !$*UTF8*$!
{
	archiveVersion = 1;
	classes = {
	};
	objectVersion = 46;
	objects = {

/* Begin PBXBuildFile section */
		3B2D25591BE7390800C4B4A6 /* main.m in Sources */ = {isa = PBXBuildFile; fileRef = 3B2D25581BE7390800C4B4A6 /* main.m */; };
		3B2D255C1BE7390800C4B4A6 /* AppDelegate.m in Sources */ = {isa = PBXBuildFile; fileRef = 3B2D255B1BE7390800C4B4A6 /* AppDelegate.m */; };
		3B2D255F1BE7390800C4B4A6 /* ViewController.m in Sources */ = {isa = PBXBuildFile; fileRef = 3B2D255E1BE7390800C4B4A6 /* ViewController.m */; };
		3B2D25621BE7390800C4B4A6 /* Main.storyboard in Resources */ = {isa = PBXBuildFile; fileRef = 3B2D25601BE7390800C4B4A6 /* Main.storyboard */; };
		3B2D25641BE7390800C4B4A6 /* Assets.xcassets in Resources */ = {isa = PBXBuildFile; fileRef = 3B2D25631BE7390800C4B4A6 /* Assets.xcassets */; };
		3B2D25671BE7390800C4B4A6 /* LaunchScreen.storyboard in Resources */ = {isa = PBXBuildFile; fileRef = 3B2D25651BE7390800C4B4A6 /* LaunchScreen.storyboard */; };
		3B2D25721BE7390800C4B4A6 /* AutoLayoutNov2UITests.m in Sources */ = {isa = PBXBuildFile; fileRef = 3B2D25711BE7390800C4B4A6 /* AutoLayoutNov2UITests.m */; };
/* End PBXBuildFile section */

/* Begin PBXContainerItemProxy section */
		3B2D256E1BE7390800C4B4A6 /* PBXContainerItemProxy */ = {
			isa = PBXContainerItemProxy;
			containerPortal = 3B2D254C1BE7390800C4B4A6 /* Project object */;
			proxyType = 1;
			remoteGlobalIDString = 3B2D25531BE7390800C4B4A6;
			remoteInfo = AutoLayoutNov2;
		};
/* End PBXContainerItemProxy section */

/* Begin PBXFileReference section */
		3B2D25541BE7390800C4B4A6 /* AutoLayoutNov2.app */ = {isa = PBXFileReference; explicitFileType = wrapper.application; includeInIndex = 0; path = AutoLayoutNov2.app; sourceTree = BUILT_PRODUCTS_DIR; };
		3B2D25581BE7390800C4B4A6 /* main.m */ = {isa = PBXFileReference; lastKnownFileType = sourcecode.c.objc; path = main.m; sourceTree = "<group>"; };
		3B2D255A1BE7390800C4B4A6 /* AppDelegate.h */ = {isa = PBXFileReference; lastKnownFileType = sourcecode.c.h; path = AppDelegate.h; sourceTree = "<group>"; };
		3B2D255B1BE7390800C4B4A6 /* AppDelegate.m */ = {isa = PBXFileReference; lastKnownFileType = sourcecode.c.objc; path = AppDelegate.m; sourceTree = "<group>"; };
		3B2D255D1BE7390800C4B4A6 /* ViewController.h */ = {isa = PBXFileReference; lastKnownFileType = sourcecode.c.h; path = ViewController.h; sourceTree = "<group>"; };
		3B2D255E1BE7390800C4B4A6 /* ViewController.m */ = {isa = PBXFileReference; lastKnownFileType = sourcecode.c.objc; path = ViewController.m; sourceTree = "<group>"; };
		3B2D25611BE7390800C4B4A6 /* Base */ = {isa = PBXFileReference; lastKnownFileType = file.storyboard; name = Base; path = Base.lproj/Main.storyboard; sourceTree = "<group>"; };
		3B2D25631BE7390800C4B4A6 /* Assets.xcassets */ = {isa = PBXFileReference; lastKnownFileType = folder.assetcatalog; path = Assets.xcassets; sourceTree = "<group>"; };
		3B2D25661BE7390800C4B4A6 /* Base */ = {isa = PBXFileReference; lastKnownFileType = file.storyboard; name = Base; path = Base.lproj/LaunchScreen.storyboard; sourceTree = "<group>"; };
		3B2D25681BE7390800C4B4A6 /* Info.plist */ = {isa = PBXFileReference; lastKnownFileType = text.plist.xml; path = Info.plist; sourceTree = "<group>"; };
		3B2D256D1BE7390800C4B4A6 /* AutoLayoutNov2UITests.xctest */ = {isa = PBXFileReference; explicitFileType = wrapper.cfbundle; includeInIndex = 0; path = AutoLayoutNov2UITests.xctest; sourceTree = BUILT_PRODUCTS_DIR; };
		3B2D25711BE7390800C4B4A6 /* AutoLayoutNov2UITests.m */ = {isa = PBXFileReference; lastKnownFileType = sourcecode.c.objc; path = AutoLayoutNov2UITests.m; sourceTree = "<group>"; };
		3B2D25731BE7390800C4B4A6 /* Info.plist */ = {isa = PBXFileReference; lastKnownFileType = text.plist.xml; path = Info.plist; sourceTree = "<group>"; };
/* End PBXFileReference section */

/* Begin PBXFrameworksBuildPhase section */
		3B2D25511BE7390800C4B4A6 /* Frameworks */ = {
			isa = PBXFrameworksBuildPhase;
			buildActionMask = 2147483647;
			files = (
			);
			runOnlyForDeploymentPostprocessing = 0;
		};
		3B2D256A1BE7390800C4B4A6 /* Frameworks */ = {
			isa = PBXFrameworksBuildPhase;
			buildActionMask = 2147483647;
			files = (
			);
			runOnlyForDeploymentPostprocessing = 0;
		};
/* End PBXFrameworksBuildPhase section */

/* Begin PBXGroup section */
		3B2D254B1BE7390800C4B4A6 = {
			isa = PBXGroup;
			children = (
				3B2D25561BE7390800C4B4A6 /* AutoLayoutNov2 */,
				3B2D25701BE7390800C4B4A6 /* AutoLayoutNov2UITests */,
				3B2D25551BE7390800C4B4A6 /* Products */,
			);
			sourceTree = "<group>";
		};
		3B2D25551BE7390800C4B4A6 /* Products */ = {
			isa = PBXGroup;
			children = (
				3B2D25541BE7390800C4B4A6 /* AutoLayoutNov2.app */,
				3B2D256D1BE7390800C4B4A6 /* AutoLayoutNov2UITests.xctest */,
			);
			name = Products;
			sourceTree = "<group>";
		};
		3B2D25561BE7390800C4B4A6 /* AutoLayoutNov2 */ = {
			isa = PBXGroup;
			children = (
				3B2D255A1BE7390800C4B4A6 /* AppDelegate.h */,
				3B2D255B1BE7390800C4B4A6 /* AppDelegate.m */,
				3B2D255D1BE7390800C4B4A6 /* ViewController.h */,
				3B2D255E1BE7390800C4B4A6 /* ViewController.m */,
				3B2D25601BE7390800C4B4A6 /* Main.storyboard */,
				3B2D25631BE7390800C4B4A6 /* Assets.xcassets */,
				3B2D25651BE7390800C4B4A6 /* LaunchScreen.storyboard */,
				3B2D25681BE7390800C4B4A6 /* Info.plist */,
				3B2D25571BE7390800C4B4A6 /* Supporting Files */,
			);
			path = AutoLayoutNov2;
			sourceTree = "<group>";
		};
		3B2D25571BE7390800C4B4A6 /* Supporting Files */ = {
			isa = PBXGroup;
			children = (
				3B2D25581BE7390800C4B4A6 /* main.m */,
			);
			name = "Supporting Files";
			sourceTree = "<group>";
		};
		3B2D25701BE7390800C4B4A6 /* AutoLayoutNov2UITests */ = {
			isa = PBXGroup;
			children = (
				3B2D25711BE7390800C4B4A6 /* AutoLayoutNov2UITests.m */,
				3B2D25731BE7390800C4B4A6 /* Info.plist */,
			);
			path = AutoLayoutNov2UITests;
			sourceTree = "<group>";
		};
/* End PBXGroup section */

/* Begin PBXNativeTarget section */
		3B2D25531BE7390800C4B4A6 /* AutoLayoutNov2 */ = {
			isa = PBXNativeTarget;
			buildConfigurationList = 3B2D25761BE7390800C4B4A6 /* Build configuration list for PBXNativeTarget "AutoLayoutNov2" */;
			buildPhases = (
				3B2D25501BE7390800C4B4A6 /* Sources */,
				3B2D25511BE7390800C4B4A6 /* Frameworks */,
				3B2D25521BE7390800C4B4A6 /* Resources */,
			);
			buildRules = (
			);
			dependencies = (
			);
			name = AutoLayoutNov2;
			productName = AutoLayoutNov2;
			productReference = 3B2D25541BE7390800C4B4A6 /* AutoLayoutNov2.app */;
			productType = "com.apple.product-type.application";
		};
		3B2D256C1BE7390800C4B4A6 /* AutoLayoutNov2UITests */ = {
			isa = PBXNativeTarget;
			buildConfigurationList = 3B2D25791BE7390800C4B4A6 /* Build configuration list for PBXNativeTarget "AutoLayoutNov2UITests" */;
			buildPhases = (
				3B2D25691BE7390800C4B4A6 /* Sources */,
				3B2D256A1BE7390800C4B4A6 /* Frameworks */,
				3B2D256B1BE7390800C4B4A6 /* Resources */,
			);
			buildRules = (
			);
			dependencies = (
				3B2D256F1BE7390800C4B4A6 /* PBXTargetDependency */,
			);
			name = AutoLayoutNov2UITests;
			productName = AutoLayoutNov2UITests;
			productReference = 3B2D256D1BE7390800C4B4A6 /* AutoLayoutNov2UITests.xctest */;
			productType = "com.apple.product-type.bundle.ui-testing";
		};
/* End PBXNativeTarget section */

/* Begin PBXProject section */
		3B2D254C1BE7390800C4B4A6 /* Project object */ = {
			isa = PBXProject;
			attributes = {
				LastUpgradeCheck = 0700;
				ORGANIZATIONNAME = "TAKASHIMA HIROSHI";
				TargetAttributes = {
					3B2D25531BE7390800C4B4A6 = {
						CreatedOnToolsVersion = 7.0;
					};
					3B2D256C1BE7390800C4B4A6 = {
						CreatedOnToolsVersion = 7.0;
						TestTargetID = 3B2D25531BE7390800C4B4A6;
					};
				};
			};
			buildConfigurationList = 3B2D254F1BE7390800C4B4A6 /* Build configuration list for PBXProject "AutoLayoutNov2" */;
			compatibilityVersion = "Xcode 3.2";
			developmentRegion = English;
			hasScannedForEncodings = 0;
			knownRegions = (
				en,
				Base,
			);
			mainGroup = 3B2D254B1BE7390800C4B4A6;
			productRefGroup = 3B2D25551BE7390800C4B4A6 /* Products */;
			projectDirPath = "";
			projectRoot = "";
			targets = (
				3B2D25531BE7390800C4B4A6 /* AutoLayoutNov2 */,
				3B2D256C1BE7390800C4B4A6 /* AutoLayoutNov2UITests */,
			);
		};
/* End PBXProject section */

/* Begin PBXResourcesBuildPhase section */
		3B2D25521BE7390800C4B4A6 /* Resources */ = {
			isa = PBXResourcesBuildPhase;
			buildActionMask = 2147483647;
			files = (
				3B2D25671BE7390800C4B4A6 /* LaunchScreen.storyboard in Resources */,
				3B2D25641BE7390800C4B4A6 /* Assets.xcassets in Resources */,
				3B2D25621BE7390800C4B4A6 /* Main.storyboard in Resources */,
			);
			runOnlyForDeploymentPostprocessing = 0;
		};
		3B2D256B1BE7390800C4B4A6 /* Resources */ = {
			isa = PBXResourcesBuildPhase;
			buildActionMask = 2147483647;
			files = (
			);
			runOnlyForDeploymentPostprocessing = 0;
		};
/* End PBXResourcesBuildPhase section */

/* Begin PBXSourcesBuildPhase section */
		3B2D25501BE7390800C4B4A6 /* Sources */ = {
			isa = PBXSourcesBuildPhase;
			buildActionMask = 2147483647;
			files = (
				3B2D255F1BE7390800C4B4A6 /* ViewController.m in Sources */,
				3B2D255C1BE7390800C4B4A6 /* AppDelegate.m in Sources */,
				3B2D25591BE7390800C4B4A6 /* main.m in Sources */,
			);
			runOnlyForDeploymentPostprocessing = 0;
		};
		3B2D25691BE7390800C4B4A6 /* Sources */ = {
			isa = PBXSourcesBuildPhase;
			buildActionMask = 2147483647;
			files = (
				3B2D25721BE7390800C4B4A6 /* AutoLayoutNov2UITests.m in Sources */,
			);
			runOnlyForDeploymentPostprocessing = 0;
		};
/* End PBXSourcesBuildPhase section */

/* Begin PBXTargetDependency section */
		3B2D256F1BE7390800C4B4A6 /* PBXTargetDependency */ = {
			isa = PBXTargetDependency;
			target = 3B2D25531BE7390800C4B4A6 /* AutoLayoutNov2 */;
			targetProxy = 3B2D256E1BE7390800C4B4A6 /* PBXContainerItemProxy */;
		};
/* End PBXTargetDependency section */

/* Begin PBXVariantGroup section */
		3B2D25601BE7390800C4B4A6 /* Main.storyboard */ = {
			isa = PBXVariantGroup;
			children = (
				3B2D25611BE7390800C4B4A6 /* Base */,
			);
			name = Main.storyboard;
			sourceTree = "<group>";
		};
		3B2D25651BE7390800C4B4A6 /* LaunchScreen.storyboard */ = {
			isa = PBXVariantGroup;
			children = (
				3B2D25661BE7390800C4B4A6 /* Base */,
			);
			name = LaunchScreen.storyboard;
			sourceTree = "<group>";
		};
/* End PBXVariantGroup section */

/* Begin XCBuildConfiguration section */
		3B2D25741BE7390800C4B4A6 /* Debug */ = {
			isa = XCBuildConfiguration;
			buildSettings = {
				ALWAYS_SEARCH_USER_PATHS = NO;
				CLANG_CXX_LANGUAGE_STANDARD = "gnu++0x";
				CLANG_CXX_LIBRARY = "libc++";
				CLANG_ENABLE_MODULES = YES;
				CLANG_ENABLE_OBJC_ARC = YES;
				CLANG_WARN_BOOL_CONVERSION = YES;
				CLANG_WARN_CONSTANT_CONVERSION = YES;
				CLANG_WARN_DIRECT_OBJC_ISA_USAGE = YES_ERROR;
				CLANG_WARN_EMPTY_BODY = YES;
				CLANG_WARN_ENUM_CONVERSION = YES;
				CLANG_WARN_INT_CONVERSION = YES;
				CLANG_WARN_OBJC_ROOT_CLASS = YES_ERROR;
				CLANG_WARN_UNREACHABLE_CODE = YES;
				CLANG_WARN__DUPLICATE_METHOD_MATCH = YES;
				"CODE_SIGN_IDENTITY[sdk=iphoneos*]" = "iPhone Developer";
				COPY_PHASE_STRIP = NO;
				DEBUG_INFORMATION_FORMAT = dwarf;
				ENABLE_STRICT_OBJC_MSGSEND = YES;
				ENABLE_TESTABILITY = YES;
				GCC_C_LANGUAGE_STANDARD = gnu99;
				GCC_DYNAMIC_NO_PIC = NO;
				GCC_NO_COMMON_BLOCKS = YES;
				GCC_OPTIMIZATION_LEVEL = 0;
				GCC_PREPROCESSOR_DEFINITIONS = (
					"DEBUG=1",
					"$(inherited)",
				);
				GCC_WARN_64_TO_32_BIT_CONVERSION = YES;
				GCC_WARN_ABOUT_RETURN_TYPE = YES_ERROR;
				GCC_WARN_UNDECLARED_SELECTOR = YES;
				GCC_WARN_UNINITIALIZED_AUTOS = YES_AGGRESSIVE;
				GCC_WARN_UNUSED_FUNCTION = YES;
				GCC_WARN_UNUSED_VARIABLE = YES;
				IPHONEOS_DEPLOYMENT_TARGET = 9.0;
				MTL_ENABLE_DEBUG_INFO = YES;
				ONLY_ACTIVE_ARCH = YES;
				SDKROOT = iphoneos;
			};
			name = Debug;
		};
		3B2D25751BE7390800C4B4A6 /* Release */ = {
			isa = XCBuildConfiguration;
			buildSettings = {
				ALWAYS_SEARCH_USER_PATHS = NO;
				CLANG_CXX_LANGUAGE_STANDARD = "gnu++0x";
				CLANG_CXX_LIBRARY = "libc++";
				CLANG_ENABLE_MODULES = YES;
				CLANG_ENABLE_OBJC_ARC = YES;
				CLANG_WARN_BOOL_CONVERSION = YES;
				CLANG_WARN_CONSTANT_CONVERSION = YES;
				CLANG_WARN_DIRECT_OBJC_ISA_USAGE = YES_ERROR;
				CLANG_WARN_EMPTY_BODY = YES;
				CLANG_WARN_ENUM_CONVERSION = YES;
				CLANG_WARN_INT_CONVERSION = YES;
				CLANG_WARN_OBJC_ROOT_CLASS = YES_ERROR;
				CLANG_WARN_UNREACHABLE_CODE = YES;
				CLANG_WARN__DUPLICATE_METHOD_MATCH = YES;
				"CODE_SIGN_IDENTITY[sdk=iphoneos*]" = "iPhone Developer";
				COPY_PHASE_STRIP = NO;
				DEBUG_INFORMATION_FORMAT = "dwarf-with-dsym";
				ENABLE_NS_ASSERTIONS = NO;
				ENABLE_STRICT_OBJC_MSGSEND = YES;
				GCC_C_LANGUAGE_STANDARD = gnu99;
				GCC_NO_COMMON_BLOCKS = YES;
				GCC_WARN_64_TO_32_BIT_CONVERSION = YES;
				GCC_WARN_ABOUT_RETURN_TYPE = YES_ERROR;
				GCC_WARN_UNDECLARED_SELECTOR = YES;
				GCC_WARN_UNINITIALIZED_AUTOS = YES_AGGRESSIVE;
				GCC_WARN_UNUSED_FUNCTION = YES;
				GCC_WARN_UNUSED_VARIABLE = YES;
				IPHONEOS_DEPLOYMENT_TARGET = 9.0;
				MTL_ENABLE_DEBUG_INFO = NO;
				SDKROOT = iphoneos;
				VALIDATE_PRODUCT = YES;
			};
			name = Release;
		};
		3B2D25771BE7390800C4B4A6 /* Debug */ = {
			isa = XCBuildConfiguration;
			buildSettings = {
				ASSETCATALOG_COMPILER_APPICON_NAME = AppIcon;
				INFOPLIST_FILE = AutoLayoutNov2/Info.plist;
				LD_RUNPATH_SEARCH_PATHS = "$(inherited) @executable_path/Frameworks";
				PRODUCT_BUNDLE_IDENTIFIER = com.baysidecafe092.AutoLayoutNov2;
				PRODUCT_NAME = "$(TARGET_NAME)";
			};
			name = Debug;
		};
		3B2D25781BE7390800C4B4A6 /* Release */ = {
			isa = XCBuildConfiguration;
			buildSettings = {
				ASSETCATALOG_COMPILER_APPICON_NAME = AppIcon;
				INFOPLIST_FILE = AutoLayoutNov2/Info.plist;
				LD_RUNPATH_SEARCH_PATHS = "$(inherited) @executable_path/Frameworks";
				PRODUCT_BUNDLE_IDENTIFIER = com.baysidecafe092.AutoLayoutNov2;
				PRODUCT_NAME = "$(TARGET_NAME)";
			};
			name = Release;
		};
		3B2D257A1BE7390800C4B4A6 /* Debug */ = {
			isa = XCBuildConfiguration;
			buildSettings = {
				INFOPLIST_FILE = AutoLayoutNov2UITests/Info.plist;
				LD_RUNPATH_SEARCH_PATHS = "$(inherited) @executable_path/Frameworks @loader_path/Frameworks";
				PRODUCT_BUNDLE_IDENTIFIER = com.baysidecafe092.AutoLayoutNov2UITests;
				PRODUCT_NAME = "$(TARGET_NAME)";
				TEST_TARGET_NAME = AutoLayoutNov2;
				USES_XCTRUNNER = YES;
			};
			name = Debug;
		};
		3B2D257B1BE7390800C4B4A6 /* Release */ = {
			isa = XCBuildConfiguration;
			buildSettings = {
				INFOPLIST_FILE = AutoLayoutNov2UITests/Info.plist;
				LD_RUNPATH_SEARCH_PATHS = "$(inherited) @executable_path/Frameworks @loader_path/Frameworks";
				PRODUCT_BUNDLE_IDENTIFIER = com.baysidecafe092.AutoLayoutNov2UITests;
				PRODUCT_NAME = "$(TARGET_NAME)";
				TEST_TARGET_NAME = AutoLayoutNov2;
				USES_XCTRUNNER = YES;
			};
			name = Release;
		};
/* End XCBuildConfiguration section */

/* Begin XCConfigurationList section */
		3B2D254F1BE7390800C4B4A6 /* Build configuration list for PBXProject "AutoLayoutNov2" */ = {
			isa = XCConfigurationList;
			buildConfigurations = (
				3B2D25741BE7390800C4B4A6 /* Debug */,
				3B2D25751BE7390800C4B4A6 /* Release */,
			);
			defaultConfigurationIsVisible = 0;
			defaultConfigurationName = Release;
		};
		3B2D25761BE7390800C4B4A6 /* Build configuration list for PBXNativeTarget "AutoLayoutNov2" */ = {
			isa = XCConfigurationList;
			buildConfigurations = (
				3B2D25771BE7390800C4B4A6 /* Debug */,
				3B2D25781BE7390800C4B4A6 /* Release */,
			);
			defaultConfigurationIsVisible = 0;
		};
		3B2D25791BE7390800C4B4A6 /* Build configuration list for PBXNativeTarget "AutoLayoutNov2UITests" */ = {
			isa = XCConfigurationList;
			buildConfigurations = (
				3B2D257A1BE7390800C4B4A6 /* Debug */,
				3B2D257B1BE7390800C4B4A6 /* Release */,
			);
			defaultConfigurationIsVisible = 0;
		};
/* End XCConfigurationList section */
	};
	rootObject = 3B2D254C1BE7390800C4B4A6 /* Project object */;
}
